// !$*UTF8*$!
{
	archiveVersion = 1;
	classes = {
	};
	objectVersion = 56;
	objects = {

/* Begin PBXBuildFile section */
		D102A8892B6117A8009C3503 /* ToDoListApp.swift in Sources */ = {isa = PBXBuildFile; fileRef = D102A8882B6117A8009C3503 /* ToDoListApp.swift */; };
		D102A88B2B6117A8009C3503 /* MainView.swift in Sources */ = {isa = PBXBuildFile; fileRef = D102A88A2B6117A8009C3503 /* MainView.swift */; };
		D102A88D2B6117AA009C3503 /* Assets.xcassets in Resources */ = {isa = PBXBuildFile; fileRef = D102A88C2B6117AA009C3503 /* Assets.xcassets */; };
		D102A8902B6117AA009C3503 /* Preview Assets.xcassets in Resources */ = {isa = PBXBuildFile; fileRef = D102A88F2B6117AA009C3503 /* Preview Assets.xcassets */; };
		D102A8982B613246009C3503 /* FirebaseAnalytics in Frameworks */ = {isa = PBXBuildFile; productRef = D102A8972B613246009C3503 /* FirebaseAnalytics */; };
		D102A89A2B613246009C3503 /* FirebaseAnalyticsOnDeviceConversion in Frameworks */ = {isa = PBXBuildFile; productRef = D102A8992B613246009C3503 /* FirebaseAnalyticsOnDeviceConversion */; };
		D102A89C2B613246009C3503 /* FirebaseAnalyticsSwift in Frameworks */ = {isa = PBXBuildFile; productRef = D102A89B2B613246009C3503 /* FirebaseAnalyticsSwift */; };
		D102A89E2B613246009C3503 /* FirebaseAnalyticsWithoutAdIdSupport in Frameworks */ = {isa = PBXBuildFile; productRef = D102A89D2B613246009C3503 /* FirebaseAnalyticsWithoutAdIdSupport */; };
		D102A8A02B613246009C3503 /* FirebaseAppCheck in Frameworks */ = {isa = PBXBuildFile; productRef = D102A89F2B613246009C3503 /* FirebaseAppCheck */; };
		D102A8A22B613246009C3503 /* FirebaseAppDistribution-Beta in Frameworks */ = {isa = PBXBuildFile; productRef = D102A8A12B613246009C3503 /* FirebaseAppDistribution-Beta */; };
		D102A8A42B613246009C3503 /* FirebaseAuth in Frameworks */ = {isa = PBXBuildFile; productRef = D102A8A32B613246009C3503 /* FirebaseAuth */; };
		D102A8A62B613246009C3503 /* FirebaseAuthCombine-Community in Frameworks */ = {isa = PBXBuildFile; productRef = D102A8A52B613246009C3503 /* FirebaseAuthCombine-Community */; };
		D102A8A82B613246009C3503 /* FirebaseCrashlytics in Frameworks */ = {isa = PBXBuildFile; productRef = D102A8A72B613246009C3503 /* FirebaseCrashlytics */; };
		D102A8AA2B613246009C3503 /* FirebaseDatabase in Frameworks */ = {isa = PBXBuildFile; productRef = D102A8A92B613246009C3503 /* FirebaseDatabase */; };
		D102A8AC2B613246009C3503 /* FirebaseDatabaseSwift in Frameworks */ = {isa = PBXBuildFile; productRef = D102A8AB2B613246009C3503 /* FirebaseDatabaseSwift */; };
		D102A8AE2B613246009C3503 /* FirebaseDynamicLinks in Frameworks */ = {isa = PBXBuildFile; productRef = D102A8AD2B613246009C3503 /* FirebaseDynamicLinks */; };
		D102A8B02B613246009C3503 /* FirebaseFirestore in Frameworks */ = {isa = PBXBuildFile; productRef = D102A8AF2B613246009C3503 /* FirebaseFirestore */; };
		D102A8B22B613246009C3503 /* FirebaseFirestoreCombine-Community in Frameworks */ = {isa = PBXBuildFile; productRef = D102A8B12B613246009C3503 /* FirebaseFirestoreCombine-Community */; };
		D102A8B42B613246009C3503 /* FirebaseFirestoreSwift in Frameworks */ = {isa = PBXBuildFile; productRef = D102A8B32B613246009C3503 /* FirebaseFirestoreSwift */; };
		D102A8B62B613246009C3503 /* FirebaseFunctions in Frameworks */ = {isa = PBXBuildFile; productRef = D102A8B52B613246009C3503 /* FirebaseFunctions */; };
		D102A8B82B613246009C3503 /* FirebaseFunctionsCombine-Community in Frameworks */ = {isa = PBXBuildFile; productRef = D102A8B72B613246009C3503 /* FirebaseFunctionsCombine-Community */; };
		D102A8BA2B613246009C3503 /* FirebaseInAppMessaging-Beta in Frameworks */ = {isa = PBXBuildFile; productRef = D102A8B92B613246009C3503 /* FirebaseInAppMessaging-Beta */; };
		D102A8BC2B613246009C3503 /* FirebaseInAppMessagingSwift-Beta in Frameworks */ = {isa = PBXBuildFile; productRef = D102A8BB2B613246009C3503 /* FirebaseInAppMessagingSwift-Beta */; };
		D102A8BE2B613246009C3503 /* FirebaseInstallations in Frameworks */ = {isa = PBXBuildFile; productRef = D102A8BD2B613246009C3503 /* FirebaseInstallations */; };
		D102A8C02B613246009C3503 /* FirebaseMLModelDownloader in Frameworks */ = {isa = PBXBuildFile; productRef = D102A8BF2B613246009C3503 /* FirebaseMLModelDownloader */; };
		D102A8C22B613246009C3503 /* FirebaseMessaging in Frameworks */ = {isa = PBXBuildFile; productRef = D102A8C12B613246009C3503 /* FirebaseMessaging */; };
		D102A8C42B613246009C3503 /* FirebasePerformance in Frameworks */ = {isa = PBXBuildFile; productRef = D102A8C32B613246009C3503 /* FirebasePerformance */; };
		D102A8C62B613246009C3503 /* FirebaseRemoteConfig in Frameworks */ = {isa = PBXBuildFile; productRef = D102A8C52B613246009C3503 /* FirebaseRemoteConfig */; };
		D102A8C82B613246009C3503 /* FirebaseRemoteConfigSwift in Frameworks */ = {isa = PBXBuildFile; productRef = D102A8C72B613246009C3503 /* FirebaseRemoteConfigSwift */; };
		D102A8CA2B613246009C3503 /* FirebaseStorage in Frameworks */ = {isa = PBXBuildFile; productRef = D102A8C92B613246009C3503 /* FirebaseStorage */; };
		D102A8CC2B613246009C3503 /* FirebaseStorageCombine-Community in Frameworks */ = {isa = PBXBuildFile; productRef = D102A8CB2B613246009C3503 /* FirebaseStorageCombine-Community */; };
		D102A8CE2B6134F6009C3503 /* GoogleService-Info.plist in Resources */ = {isa = PBXBuildFile; fileRef = D102A8CD2B6134F6009C3503 /* GoogleService-Info.plist */; };
		D102A8D52B6136A3009C3503 /* ProfileView.swift in Sources */ = {isa = PBXBuildFile; fileRef = D102A8D42B6136A3009C3503 /* ProfileView.swift */; };
		D102A8D72B6136CF009C3503 /* ToDoListView.swift in Sources */ = {isa = PBXBuildFile; fileRef = D102A8D62B6136CF009C3503 /* ToDoListView.swift */; };
		D102A8D92B6136E7009C3503 /* NewItemView.swift in Sources */ = {isa = PBXBuildFile; fileRef = D102A8D82B6136E7009C3503 /* NewItemView.swift */; };
		D102A8DB2B613705009C3503 /* LoginView.swift in Sources */ = {isa = PBXBuildFile; fileRef = D102A8DA2B613705009C3503 /* LoginView.swift */; };
		D102A8DD2B61370D009C3503 /* RegisterView.swift in Sources */ = {isa = PBXBuildFile; fileRef = D102A8DC2B61370D009C3503 /* RegisterView.swift */; };
		D102A8DF2B613747009C3503 /* ToDoListItemsView.swift in Sources */ = {isa = PBXBuildFile; fileRef = D102A8DE2B613747009C3503 /* ToDoListItemsView.swift */; };
		D102A8E12B613795009C3503 /* UserModel.swift in Sources */ = {isa = PBXBuildFile; fileRef = D102A8E02B613795009C3503 /* UserModel.swift */; };
		D102A8E32B6137A9009C3503 /* ToDoListItemModel.swift in Sources */ = {isa = PBXBuildFile; fileRef = D102A8E22B6137A9009C3503 /* ToDoListItemModel.swift */; };
		D102A8E52B6137D4009C3503 /* MainViewViewModel.swift in Sources */ = {isa = PBXBuildFile; fileRef = D102A8E42B6137D4009C3503 /* MainViewViewModel.swift */; };
		D102A8E72B6137FB009C3503 /* ProfileViewViewModel.swift in Sources */ = {isa = PBXBuildFile; fileRef = D102A8E62B6137FB009C3503 /* ProfileViewViewModel.swift */; };
		D102A8E92B61381F009C3503 /* ToDoListViewViewModel.swift in Sources */ = {isa = PBXBuildFile; fileRef = D102A8E82B61381F009C3503 /* ToDoListViewViewModel.swift */; };
		D102A8EB2B61383B009C3503 /* NewItemViewViewModel.swift in Sources */ = {isa = PBXBuildFile; fileRef = D102A8EA2B61383B009C3503 /* NewItemViewViewModel.swift */; };
		D102A8ED2B613855009C3503 /* LoginViewViewModel.swift in Sources */ = {isa = PBXBuildFile; fileRef = D102A8EC2B613855009C3503 /* LoginViewViewModel.swift */; };
		D102A8EF2B61385E009C3503 /* RegisterViewViewModel.swift in Sources */ = {isa = PBXBuildFile; fileRef = D102A8EE2B61385E009C3503 /* RegisterViewViewModel.swift */; };
		D102A8F12B613880009C3503 /* ToDoListItemViewViewModel.swift in Sources */ = {isa = PBXBuildFile; fileRef = D102A8F02B613880009C3503 /* ToDoListItemViewViewModel.swift */; };
		D102A8F42B614BF3009C3503 /* HeaderView.swift in Sources */ = {isa = PBXBuildFile; fileRef = D102A8F32B614BF3009C3503 /* HeaderView.swift */; };
		D102A8F62B624307009C3503 /* TLButton.swift in Sources */ = {isa = PBXBuildFile; fileRef = D102A8F52B624307009C3503 /* TLButton.swift */; };
		D102A8F82B626CE0009C3503 /* Extensions.swift in Sources */ = {isa = PBXBuildFile; fileRef = D102A8F72B626CE0009C3503 /* Extensions.swift */; };
/* End PBXBuildFile section */

/* Begin PBXFileReference section */
		D102A8852B6117A8009C3503 /* ToDoList.app */ = {isa = PBXFileReference; explicitFileType = wrapper.application; includeInIndex = 0; path = ToDoList.app; sourceTree = BUILT_PRODUCTS_DIR; };
		D102A8882B6117A8009C3503 /* ToDoListApp.swift */ = {isa = PBXFileReference; lastKnownFileType = sourcecode.swift; path = ToDoListApp.swift; sourceTree = "<group>"; };
		D102A88A2B6117A8009C3503 /* MainView.swift */ = {isa = PBXFileReference; lastKnownFileType = sourcecode.swift; path = MainView.swift; sourceTree = "<group>"; };
		D102A88C2B6117AA009C3503 /* Assets.xcassets */ = {isa = PBXFileReference; lastKnownFileType = folder.assetcatalog; path = Assets.xcassets; sourceTree = "<group>"; };
		D102A88F2B6117AA009C3503 /* Preview Assets.xcassets */ = {isa = PBXFileReference; lastKnownFileType = folder.assetcatalog; path = "Preview Assets.xcassets"; sourceTree = "<group>"; };
		D102A8CD2B6134F6009C3503 /* GoogleService-Info.plist */ = {isa = PBXFileReference; fileEncoding = 4; lastKnownFileType = text.plist.xml; path = "GoogleService-Info.plist"; sourceTree = "<group>"; };
		D102A8D42B6136A3009C3503 /* ProfileView.swift */ = {isa = PBXFileReference; lastKnownFileType = sourcecode.swift; path = ProfileView.swift; sourceTree = "<group>"; };
		D102A8D62B6136CF009C3503 /* ToDoListView.swift */ = {isa = PBXFileReference; lastKnownFileType = sourcecode.swift; path = ToDoListView.swift; sourceTree = "<group>"; };
		D102A8D82B6136E7009C3503 /* NewItemView.swift */ = {isa = PBXFileReference; lastKnownFileType = sourcecode.swift; path = NewItemView.swift; sourceTree = "<group>"; };
		D102A8DA2B613705009C3503 /* LoginView.swift */ = {isa = PBXFileReference; lastKnownFileType = sourcecode.swift; path = LoginView.swift; sourceTree = "<group>"; };
		D102A8DC2B61370D009C3503 /* RegisterView.swift */ = {isa = PBXFileReference; lastKnownFileType = sourcecode.swift; path = RegisterView.swift; sourceTree = "<group>"; };
		D102A8DE2B613747009C3503 /* ToDoListItemsView.swift */ = {isa = PBXFileReference; lastKnownFileType = sourcecode.swift; path = ToDoListItemsView.swift; sourceTree = "<group>"; };
		D102A8E02B613795009C3503 /* UserModel.swift */ = {isa = PBXFileReference; lastKnownFileType = sourcecode.swift; path = UserModel.swift; sourceTree = "<group>"; };
		D102A8E22B6137A9009C3503 /* ToDoListItemModel.swift */ = {isa = PBXFileReference; lastKnownFileType = sourcecode.swift; path = ToDoListItemModel.swift; sourceTree = "<group>"; };
		D102A8E42B6137D4009C3503 /* MainViewViewModel.swift */ = {isa = PBXFileReference; lastKnownFileType = sourcecode.swift; path = MainViewViewModel.swift; sourceTree = "<group>"; };
		D102A8E62B6137FB009C3503 /* ProfileViewViewModel.swift */ = {isa = PBXFileReference; lastKnownFileType = sourcecode.swift; path = ProfileViewViewModel.swift; sourceTree = "<group>"; };
		D102A8E82B61381F009C3503 /* ToDoListViewViewModel.swift */ = {isa = PBXFileReference; lastKnownFileType = sourcecode.swift; path = ToDoListViewViewModel.swift; sourceTree = "<group>"; };
		D102A8EA2B61383B009C3503 /* NewItemViewViewModel.swift */ = {isa = PBXFileReference; lastKnownFileType = sourcecode.swift; path = NewItemViewViewModel.swift; sourceTree = "<group>"; };
		D102A8EC2B613855009C3503 /* LoginViewViewModel.swift */ = {isa = PBXFileReference; lastKnownFileType = sourcecode.swift; path = LoginViewViewModel.swift; sourceTree = "<group>"; };
		D102A8EE2B61385E009C3503 /* RegisterViewViewModel.swift */ = {isa = PBXFileReference; lastKnownFileType = sourcecode.swift; path = RegisterViewViewModel.swift; sourceTree = "<group>"; };
		D102A8F02B613880009C3503 /* ToDoListItemViewViewModel.swift */ = {isa = PBXFileReference; lastKnownFileType = sourcecode.swift; path = ToDoListItemViewViewModel.swift; sourceTree = "<group>"; };
		D102A8F32B614BF3009C3503 /* HeaderView.swift */ = {isa = PBXFileReference; lastKnownFileType = sourcecode.swift; path = HeaderView.swift; sourceTree = "<group>"; };
		D102A8F52B624307009C3503 /* TLButton.swift */ = {isa = PBXFileReference; lastKnownFileType = sourcecode.swift; path = TLButton.swift; sourceTree = "<group>"; };
		D102A8F72B626CE0009C3503 /* Extensions.swift */ = {isa = PBXFileReference; lastKnownFileType = sourcecode.swift; path = Extensions.swift; sourceTree = "<group>"; };
/* End PBXFileReference section */

/* Begin PBXFrameworksBuildPhase section */
		D102A8822B6117A8009C3503 /* Frameworks */ = {
			isa = PBXFrameworksBuildPhase;
			buildActionMask = 2147483647;
			files = (
				D102A8AA2B613246009C3503 /* FirebaseDatabase in Frameworks */,
				D102A8B82B613246009C3503 /* FirebaseFunctionsCombine-Community in Frameworks */,
				D102A8B02B613246009C3503 /* FirebaseFirestore in Frameworks */,
				D102A89C2B613246009C3503 /* FirebaseAnalyticsSwift in Frameworks */,
				D102A8982B613246009C3503 /* FirebaseAnalytics in Frameworks */,
				D102A89A2B613246009C3503 /* FirebaseAnalyticsOnDeviceConversion in Frameworks */,
				D102A8C02B613246009C3503 /* FirebaseMLModelDownloader in Frameworks */,
				D102A8B42B613246009C3503 /* FirebaseFirestoreSwift in Frameworks */,
				D102A8A02B613246009C3503 /* FirebaseAppCheck in Frameworks */,
				D102A89E2B613246009C3503 /* FirebaseAnalyticsWithoutAdIdSupport in Frameworks */,
				D102A8A42B613246009C3503 /* FirebaseAuth in Frameworks */,
				D102A8A82B613246009C3503 /* FirebaseCrashlytics in Frameworks */,
				D102A8C82B613246009C3503 /* FirebaseRemoteConfigSwift in Frameworks */,
				D102A8BA2B613246009C3503 /* FirebaseInAppMessaging-Beta in Frameworks */,
				D102A8AC2B613246009C3503 /* FirebaseDatabaseSwift in Frameworks */,
				D102A8B62B613246009C3503 /* FirebaseFunctions in Frameworks */,
				D102A8CC2B613246009C3503 /* FirebaseStorageCombine-Community in Frameworks */,
				D102A8C62B613246009C3503 /* FirebaseRemoteConfig in Frameworks */,
				D102A8A22B613246009C3503 /* FirebaseAppDistribution-Beta in Frameworks */,
				D102A8A62B613246009C3503 /* FirebaseAuthCombine-Community in Frameworks */,
				D102A8C42B613246009C3503 /* FirebasePerformance in Frameworks */,
				D102A8BC2B613246009C3503 /* FirebaseInAppMessagingSwift-Beta in Frameworks */,
				D102A8CA2B613246009C3503 /* FirebaseStorage in Frameworks */,
				D102A8AE2B613246009C3503 /* FirebaseDynamicLinks in Frameworks */,
				D102A8B22B613246009C3503 /* FirebaseFirestoreCombine-Community in Frameworks */,
				D102A8C22B613246009C3503 /* FirebaseMessaging in Frameworks */,
				D102A8BE2B613246009C3503 /* FirebaseInstallations in Frameworks */,
			);
			runOnlyForDeploymentPostprocessing = 0;
		};
/* End PBXFrameworksBuildPhase section */

/* Begin PBXGroup section */
		D102A87C2B6117A8009C3503 = {
			isa = PBXGroup;
			children = (
				D102A8872B6117A8009C3503 /* ToDoList */,
				D102A8862B6117A8009C3503 /* Products */,
			);
			sourceTree = "<group>";
		};
		D102A8862B6117A8009C3503 /* Products */ = {
			isa = PBXGroup;
			children = (
				D102A8852B6117A8009C3503 /* ToDoList.app */,
			);
			name = Products;
			sourceTree = "<group>";
		};
		D102A8872B6117A8009C3503 /* ToDoList */ = {
			isa = PBXGroup;
			children = (
				D102A8D32B6135C3009C3503 /* Other */,
				D102A8D22B6135B4009C3503 /* Models */,
				D102A8D12B6135A1009C3503 /* ViewModels */,
				D102A8D02B613598009C3503 /* Views */,
				D102A88E2B6117AA009C3503 /* Preview Content */,
			);
			path = ToDoList;
			sourceTree = "<group>";
		};
		D102A88E2B6117AA009C3503 /* Preview Content */ = {
			isa = PBXGroup;
			children = (
				D102A88F2B6117AA009C3503 /* Preview Assets.xcassets */,
			);
			path = "Preview Content";
			sourceTree = "<group>";
		};
		D102A8D02B613598009C3503 /* Views */ = {
			isa = PBXGroup;
			children = (
				D102A88A2B6117A8009C3503 /* MainView.swift */,
				D102A8D42B6136A3009C3503 /* ProfileView.swift */,
				D102A8D62B6136CF009C3503 /* ToDoListView.swift */,
				D102A8D82B6136E7009C3503 /* NewItemView.swift */,
				D102A8DA2B613705009C3503 /* LoginView.swift */,
				D102A8DC2B61370D009C3503 /* RegisterView.swift */,
				D102A8DE2B613747009C3503 /* ToDoListItemsView.swift */,
				D102A8F32B614BF3009C3503 /* HeaderView.swift */,
				D102A8F52B624307009C3503 /* TLButton.swift */,
			);
			path = Views;
			sourceTree = "<group>";
		};
		D102A8D12B6135A1009C3503 /* ViewModels */ = {
			isa = PBXGroup;
			children = (
				D102A8E42B6137D4009C3503 /* MainViewViewModel.swift */,
				D102A8E62B6137FB009C3503 /* ProfileViewViewModel.swift */,
				D102A8E82B61381F009C3503 /* ToDoListViewViewModel.swift */,
				D102A8EA2B61383B009C3503 /* NewItemViewViewModel.swift */,
				D102A8EC2B613855009C3503 /* LoginViewViewModel.swift */,
				D102A8EE2B61385E009C3503 /* RegisterViewViewModel.swift */,
				D102A8F02B613880009C3503 /* ToDoListItemViewViewModel.swift */,
			);
			path = ViewModels;
			sourceTree = "<group>";
		};
		D102A8D22B6135B4009C3503 /* Models */ = {
			isa = PBXGroup;
			children = (
				D102A8E02B613795009C3503 /* UserModel.swift */,
				D102A8E22B6137A9009C3503 /* ToDoListItemModel.swift */,
			);
			path = Models;
			sourceTree = "<group>";
		};
		D102A8D32B6135C3009C3503 /* Other */ = {
			isa = PBXGroup;
			children = (
				D102A88C2B6117AA009C3503 /* Assets.xcassets */,
				D102A8CD2B6134F6009C3503 /* GoogleService-Info.plist */,
				D102A8882B6117A8009C3503 /* ToDoListApp.swift */,
				D102A8F72B626CE0009C3503 /* Extensions.swift */,
			);
			path = Other;
			sourceTree = "<group>";
		};
/* End PBXGroup section */

/* Begin PBXNativeTarget section */
		D102A8842B6117A8009C3503 /* ToDoList */ = {
			isa = PBXNativeTarget;
			buildConfigurationList = D102A8932B6117AA009C3503 /* Build configuration list for PBXNativeTarget "ToDoList" */;
			buildPhases = (
				D102A8812B6117A8009C3503 /* Sources */,
				D102A8822B6117A8009C3503 /* Frameworks */,
				D102A8832B6117A8009C3503 /* Resources */,
			);
			buildRules = (
			);
			dependencies = (
			);
			name = ToDoList;
			packageProductDependencies = (
				D102A8972B613246009C3503 /* FirebaseAnalytics */,
				D102A8992B613246009C3503 /* FirebaseAnalyticsOnDeviceConversion */,
				D102A89B2B613246009C3503 /* FirebaseAnalyticsSwift */,
				D102A89D2B613246009C3503 /* FirebaseAnalyticsWithoutAdIdSupport */,
				D102A89F2B613246009C3503 /* FirebaseAppCheck */,
				D102A8A12B613246009C3503 /* FirebaseAppDistribution-Beta */,
				D102A8A32B613246009C3503 /* FirebaseAuth */,
				D102A8A52B613246009C3503 /* FirebaseAuthCombine-Community */,
				D102A8A72B613246009C3503 /* FirebaseCrashlytics */,
				D102A8A92B613246009C3503 /* FirebaseDatabase */,
				D102A8AB2B613246009C3503 /* FirebaseDatabaseSwift */,
				D102A8AD2B613246009C3503 /* FirebaseDynamicLinks */,
				D102A8AF2B613246009C3503 /* FirebaseFirestore */,
				D102A8B12B613246009C3503 /* FirebaseFirestoreCombine-Community */,
				D102A8B32B613246009C3503 /* FirebaseFirestoreSwift */,
				D102A8B52B613246009C3503 /* FirebaseFunctions */,
				D102A8B72B613246009C3503 /* FirebaseFunctionsCombine-Community */,
				D102A8B92B613246009C3503 /* FirebaseInAppMessaging-Beta */,
				D102A8BB2B613246009C3503 /* FirebaseInAppMessagingSwift-Beta */,
				D102A8BD2B613246009C3503 /* FirebaseInstallations */,
				D102A8BF2B613246009C3503 /* FirebaseMLModelDownloader */,
				D102A8C12B613246009C3503 /* FirebaseMessaging */,
				D102A8C32B613246009C3503 /* FirebasePerformance */,
				D102A8C52B613246009C3503 /* FirebaseRemoteConfig */,
				D102A8C72B613246009C3503 /* FirebaseRemoteConfigSwift */,
				D102A8C92B613246009C3503 /* FirebaseStorage */,
				D102A8CB2B613246009C3503 /* FirebaseStorageCombine-Community */,
			);
			productName = ToDoList;
			productReference = D102A8852B6117A8009C3503 /* ToDoList.app */;
			productType = "com.apple.product-type.application";
		};
/* End PBXNativeTarget section */

/* Begin PBXProject section */
		D102A87D2B6117A8009C3503 /* Project object */ = {
			isa = PBXProject;
			attributes = {
				BuildIndependentTargetsInParallel = 1;
				LastSwiftUpdateCheck = 1510;
				LastUpgradeCheck = 1510;
				TargetAttributes = {
					D102A8842B6117A8009C3503 = {
						CreatedOnToolsVersion = 15.1;
					};
				};
			};
			buildConfigurationList = D102A8802B6117A8009C3503 /* Build configuration list for PBXProject "ToDoList" */;
			compatibilityVersion = "Xcode 14.0";
			developmentRegion = en;
			hasScannedForEncodings = 0;
			knownRegions = (
				en,
				Base,
			);
			mainGroup = D102A87C2B6117A8009C3503;
			packageReferences = (
				D102A8962B613245009C3503 /* XCRemoteSwiftPackageReference "firebase-ios-sdk" */,
			);
			productRefGroup = D102A8862B6117A8009C3503 /* Products */;
			projectDirPath = "";
			projectRoot = "";
			targets = (
				D102A8842B6117A8009C3503 /* ToDoList */,
			);
		};
/* End PBXProject section */

/* Begin PBXResourcesBuildPhase section */
		D102A8832B6117A8009C3503 /* Resources */ = {
			isa = PBXResourcesBuildPhase;
			buildActionMask = 2147483647;
			files = (
				D102A8902B6117AA009C3503 /* Preview Assets.xcassets in Resources */,
				D102A88D2B6117AA009C3503 /* Assets.xcassets in Resources */,
				D102A8CE2B6134F6009C3503 /* GoogleService-Info.plist in Resources */,
			);
			runOnlyForDeploymentPostprocessing = 0;
		};
/* End PBXResourcesBuildPhase section */

/* Begin PBXSourcesBuildPhase section */
		D102A8812B6117A8009C3503 /* Sources */ = {
			isa = PBXSourcesBuildPhase;
			buildActionMask = 2147483647;
			files = (
				D102A8E32B6137A9009C3503 /* ToDoListItemModel.swift in Sources */,
				D102A8F42B614BF3009C3503 /* HeaderView.swift in Sources */,
				D102A8DB2B613705009C3503 /* LoginView.swift in Sources */,
				D102A8EF2B61385E009C3503 /* RegisterViewViewModel.swift in Sources */,
				D102A8E52B6137D4009C3503 /* MainViewViewModel.swift in Sources */,
				D102A8DF2B613747009C3503 /* ToDoListItemsView.swift in Sources */,
				D102A88B2B6117A8009C3503 /* MainView.swift in Sources */,
				D102A8F62B624307009C3503 /* TLButton.swift in Sources */,
				D102A8E72B6137FB009C3503 /* ProfileViewViewModel.swift in Sources */,
				D102A8D72B6136CF009C3503 /* ToDoListView.swift in Sources */,
				D102A8DD2B61370D009C3503 /* RegisterView.swift in Sources */,
				D102A8E12B613795009C3503 /* UserModel.swift in Sources */,
				D102A8E92B61381F009C3503 /* ToDoListViewViewModel.swift in Sources */,
				D102A8ED2B613855009C3503 /* LoginViewViewModel.swift in Sources */,
				D102A8D52B6136A3009C3503 /* ProfileView.swift in Sources */,
				D102A8F82B626CE0009C3503 /* Extensions.swift in Sources */,
				D102A8892B6117A8009C3503 /* ToDoListApp.swift in Sources */,
				D102A8D92B6136E7009C3503 /* NewItemView.swift in Sources */,
				D102A8EB2B61383B009C3503 /* NewItemViewViewModel.swift in Sources */,
				D102A8F12B613880009C3503 /* ToDoListItemViewViewModel.swift in Sources */,
			);
			runOnlyForDeploymentPostprocessing = 0;
		};
/* End PBXSourcesBuildPhase section */

/* Begin XCBuildConfiguration section */
		D102A8912B6117AA009C3503 /* Debug */ = {
			isa = XCBuildConfiguration;
			buildSettings = {
				ALWAYS_SEARCH_USER_PATHS = NO;
				ASSETCATALOG_COMPILER_GENERATE_SWIFT_ASSET_SYMBOL_EXTENSIONS = YES;
				CLANG_ANALYZER_NONNULL = YES;
				CLANG_ANALYZER_NUMBER_OBJECT_CONVERSION = YES_AGGRESSIVE;
				CLANG_CXX_LANGUAGE_STANDARD = "gnu++20";
				CLANG_ENABLE_MODULES = YES;
				CLANG_ENABLE_OBJC_ARC = YES;
				CLANG_ENABLE_OBJC_WEAK = YES;
				CLANG_WARN_BLOCK_CAPTURE_AUTORELEASING = YES;
				CLANG_WARN_BOOL_CONVERSION = YES;
				CLANG_WARN_COMMA = YES;
				CLANG_WARN_CONSTANT_CONVERSION = YES;
				CLANG_WARN_DEPRECATED_OBJC_IMPLEMENTATIONS = YES;
				CLANG_WARN_DIRECT_OBJC_ISA_USAGE = YES_ERROR;
				CLANG_WARN_DOCUMENTATION_COMMENTS = YES;
				CLANG_WARN_EMPTY_BODY = YES;
				CLANG_WARN_ENUM_CONVERSION = YES;
				CLANG_WARN_INFINITE_RECURSION = YES;
				CLANG_WARN_INT_CONVERSION = YES;
				CLANG_WARN_NON_LITERAL_NULL_CONVERSION = YES;
				CLANG_WARN_OBJC_IMPLICIT_RETAIN_SELF = YES;
				CLANG_WARN_OBJC_LITERAL_CONVERSION = YES;
				CLANG_WARN_OBJC_ROOT_CLASS = YES_ERROR;
				CLANG_WARN_QUOTED_INCLUDE_IN_FRAMEWORK_HEADER = YES;
				CLANG_WARN_RANGE_LOOP_ANALYSIS = YES;
				CLANG_WARN_STRICT_PROTOTYPES = YES;
				CLANG_WARN_SUSPICIOUS_MOVE = YES;
				CLANG_WARN_UNGUARDED_AVAILABILITY = YES_AGGRESSIVE;
				CLANG_WARN_UNREACHABLE_CODE = YES;
				CLANG_WARN__DUPLICATE_METHOD_MATCH = YES;
				COPY_PHASE_STRIP = NO;
				DEBUG_INFORMATION_FORMAT = dwarf;
				ENABLE_STRICT_OBJC_MSGSEND = YES;
				ENABLE_TESTABILITY = YES;
				ENABLE_USER_SCRIPT_SANDBOXING = YES;
				GCC_C_LANGUAGE_STANDARD = gnu17;
				GCC_DYNAMIC_NO_PIC = NO;
				GCC_NO_COMMON_BLOCKS = YES;
				GCC_OPTIMIZATION_LEVEL = 0;
				GCC_PREPROCESSOR_DEFINITIONS = (
					"DEBUG=1",
					"$(inherited)",
				);
				GCC_WARN_64_TO_32_BIT_CONVERSION = YES;
				GCC_WARN_ABOUT_RETURN_TYPE = YES_ERROR;
				GCC_WARN_UNDECLARED_SELECTOR = YES;
				GCC_WARN_UNINITIALIZED_AUTOS = YES_AGGRESSIVE;
				GCC_WARN_UNUSED_FUNCTION = YES;
				GCC_WARN_UNUSED_VARIABLE = YES;
				IPHONEOS_DEPLOYMENT_TARGET = 17.2;
				LOCALIZATION_PREFERS_STRING_CATALOGS = YES;
				MTL_ENABLE_DEBUG_INFO = INCLUDE_SOURCE;
				MTL_FAST_MATH = YES;
				ONLY_ACTIVE_ARCH = YES;
				SDKROOT = iphoneos;
				SWIFT_ACTIVE_COMPILATION_CONDITIONS = "DEBUG $(inherited)";
				SWIFT_OPTIMIZATION_LEVEL = "-Onone";
			};
			name = Debug;
		};
		D102A8922B6117AA009C3503 /* Release */ = {
			isa = XCBuildConfiguration;
			buildSettings = {
				ALWAYS_SEARCH_USER_PATHS = NO;
				ASSETCATALOG_COMPILER_GENERATE_SWIFT_ASSET_SYMBOL_EXTENSIONS = YES;
				CLANG_ANALYZER_NONNULL = YES;
				CLANG_ANALYZER_NUMBER_OBJECT_CONVERSION = YES_AGGRESSIVE;
				CLANG_CXX_LANGUAGE_STANDARD = "gnu++20";
				CLANG_ENABLE_MODULES = YES;
				CLANG_ENABLE_OBJC_ARC = YES;
				CLANG_ENABLE_OBJC_WEAK = YES;
				CLANG_WARN_BLOCK_CAPTURE_AUTORELEASING = YES;
				CLANG_WARN_BOOL_CONVERSION = YES;
				CLANG_WARN_COMMA = YES;
				CLANG_WARN_CONSTANT_CONVERSION = YES;
				CLANG_WARN_DEPRECATED_OBJC_IMPLEMENTATIONS = YES;
				CLANG_WARN_DIRECT_OBJC_ISA_USAGE = YES_ERROR;
				CLANG_WARN_DOCUMENTATION_COMMENTS = YES;
				CLANG_WARN_EMPTY_BODY = YES;
				CLANG_WARN_ENUM_CONVERSION = YES;
				CLANG_WARN_INFINITE_RECURSION = YES;
				CLANG_WARN_INT_CONVERSION = YES;
				CLANG_WARN_NON_LITERAL_NULL_CONVERSION = YES;
				CLANG_WARN_OBJC_IMPLICIT_RETAIN_SELF = YES;
				CLANG_WARN_OBJC_LITERAL_CONVERSION = YES;
				CLANG_WARN_OBJC_ROOT_CLASS = YES_ERROR;
				CLANG_WARN_QUOTED_INCLUDE_IN_FRAMEWORK_HEADER = YES;
				CLANG_WARN_RANGE_LOOP_ANALYSIS = YES;
				CLANG_WARN_STRICT_PROTOTYPES = YES;
				CLANG_WARN_SUSPICIOUS_MOVE = YES;
				CLANG_WARN_UNGUARDED_AVAILABILITY = YES_AGGRESSIVE;
				CLANG_WARN_UNREACHABLE_CODE = YES;
				CLANG_WARN__DUPLICATE_METHOD_MATCH = YES;
				COPY_PHASE_STRIP = NO;
				DEBUG_INFORMATION_FORMAT = "dwarf-with-dsym";
				ENABLE_NS_ASSERTIONS = NO;
				ENABLE_STRICT_OBJC_MSGSEND = YES;
				ENABLE_USER_SCRIPT_SANDBOXING = YES;
				GCC_C_LANGUAGE_STANDARD = gnu17;
				GCC_NO_COMMON_BLOCKS = YES;
				GCC_WARN_64_TO_32_BIT_CONVERSION = YES;
				GCC_WARN_ABOUT_RETURN_TYPE = YES_ERROR;
				GCC_WARN_UNDECLARED_SELECTOR = YES;
				GCC_WARN_UNINITIALIZED_AUTOS = YES_AGGRESSIVE;
				GCC_WARN_UNUSED_FUNCTION = YES;
				GCC_WARN_UNUSED_VARIABLE = YES;
				IPHONEOS_DEPLOYMENT_TARGET = 17.2;
				LOCALIZATION_PREFERS_STRING_CATALOGS = YES;
				MTL_ENABLE_DEBUG_INFO = NO;
				MTL_FAST_MATH = YES;
				SDKROOT = iphoneos;
				SWIFT_COMPILATION_MODE = wholemodule;
				VALIDATE_PRODUCT = YES;
			};
			name = Release;
		};
		D102A8942B6117AA009C3503 /* Debug */ = {
			isa = XCBuildConfiguration;
			buildSettings = {
				ASSETCATALOG_COMPILER_APPICON_NAME = AppIcon;
				ASSETCATALOG_COMPILER_GLOBAL_ACCENT_COLOR_NAME = AccentColor;
				CODE_SIGN_STYLE = Automatic;
				CURRENT_PROJECT_VERSION = 1;
				DEVELOPMENT_ASSET_PATHS = "\"ToDoList/Preview Content\"";
				DEVELOPMENT_TEAM = ZGP43ZHR7X;
				ENABLE_PREVIEWS = YES;
				GENERATE_INFOPLIST_FILE = YES;
				INFOPLIST_KEY_CFBundleDisplayName = "To Do List";
				INFOPLIST_KEY_LSApplicationCategoryType = "public.app-category.lifestyle";
				INFOPLIST_KEY_UIApplicationSceneManifest_Generation = YES;
				INFOPLIST_KEY_UIApplicationSupportsIndirectInputEvents = YES;
				INFOPLIST_KEY_UILaunchScreen_Generation = YES;
				INFOPLIST_KEY_UISupportedInterfaceOrientations = UIInterfaceOrientationPortrait;
				IPHONEOS_DEPLOYMENT_TARGET = 16.0;
				LD_RUNPATH_SEARCH_PATHS = (
					"$(inherited)",
					"@executable_path/Frameworks",
				);
				MARKETING_VERSION = 1.0;
				PRODUCT_BUNDLE_IDENTIFIER = com.mohamedwagdy2030.ToDoList;
				PRODUCT_NAME = "$(TARGET_NAME)";
				SWIFT_EMIT_LOC_STRINGS = YES;
				SWIFT_VERSION = 5.0;
				TARGETED_DEVICE_FAMILY = "1,2";
			};
			name = Debug;
		};
		D102A8952B6117AA009C3503 /* Release */ = {
			isa = XCBuildConfiguration;
			buildSettings = {
				ASSETCATALOG_COMPILER_APPICON_NAME = AppIcon;
				ASSETCATALOG_COMPILER_GLOBAL_ACCENT_COLOR_NAME = AccentColor;
				CODE_SIGN_STYLE = Automatic;
				CURRENT_PROJECT_VERSION = 1;
				DEVELOPMENT_ASSET_PATHS = "\"ToDoList/Preview Content\"";
				DEVELOPMENT_TEAM = ZGP43ZHR7X;
				ENABLE_PREVIEWS = YES;
				GENERATE_INFOPLIST_FILE = YES;
				INFOPLIST_KEY_CFBundleDisplayName = "To Do List";
				INFOPLIST_KEY_LSApplicationCategoryType = "public.app-category.lifestyle";
				INFOPLIST_KEY_UIApplicationSceneManifest_Generation = YES;
				INFOPLIST_KEY_UIApplicationSupportsIndirectInputEvents = YES;
				INFOPLIST_KEY_UILaunchScreen_Generation = YES;
				INFOPLIST_KEY_UISupportedInterfaceOrientations = UIInterfaceOrientationPortrait;
				IPHONEOS_DEPLOYMENT_TARGET = 16.0;
				LD_RUNPATH_SEARCH_PATHS = (
					"$(inherited)",
					"@executable_path/Frameworks",
				);
				MARKETING_VERSION = 1.0;
				PRODUCT_BUNDLE_IDENTIFIER = com.mohamedwagdy2030.ToDoList;
				PRODUCT_NAME = "$(TARGET_NAME)";
				SWIFT_EMIT_LOC_STRINGS = YES;
				SWIFT_VERSION = 5.0;
				TARGETED_DEVICE_FAMILY = "1,2";
			};
			name = Release;
		};
/* End XCBuildConfiguration section */

/* Begin XCConfigurationList section */
		D102A8802B6117A8009C3503 /* Build configuration list for PBXProject "ToDoList" */ = {
			isa = XCConfigurationList;
			buildConfigurations = (
				D102A8912B6117AA009C3503 /* Debug */,
				D102A8922B6117AA009C3503 /* Release */,
			);
			defaultConfigurationIsVisible = 0;
			defaultConfigurationName = Release;
		};
		D102A8932B6117AA009C3503 /* Build configuration list for PBXNativeTarget "ToDoList" */ = {
			isa = XCConfigurationList;
			buildConfigurations = (
				D102A8942B6117AA009C3503 /* Debug */,
				D102A8952B6117AA009C3503 /* Release */,
			);
			defaultConfigurationIsVisible = 0;
			defaultConfigurationName = Release;
		};
/* End XCConfigurationList section */

/* Begin XCRemoteSwiftPackageReference section */
		D102A8962B613245009C3503 /* XCRemoteSwiftPackageReference "firebase-ios-sdk" */ = {
			isa = XCRemoteSwiftPackageReference;
			repositoryURL = "https://github.com/firebase/firebase-ios-sdk";
			requirement = {
				kind = upToNextMajorVersion;
				minimumVersion = 10.20.0;
			};
		};
/* End XCRemoteSwiftPackageReference section */

/* Begin XCSwiftPackageProductDependency section */
		D102A8972B613246009C3503 /* FirebaseAnalytics */ = {
			isa = XCSwiftPackageProductDependency;
			package = D102A8962B613245009C3503 /* XCRemoteSwiftPackageReference "firebase-ios-sdk" */;
			productName = FirebaseAnalytics;
		};
		D102A8992B613246009C3503 /* FirebaseAnalyticsOnDeviceConversion */ = {
			isa = XCSwiftPackageProductDependency;
			package = D102A8962B613245009C3503 /* XCRemoteSwiftPackageReference "firebase-ios-sdk" */;
			productName = FirebaseAnalyticsOnDeviceConversion;
		};
		D102A89B2B613246009C3503 /* FirebaseAnalyticsSwift */ = {
			isa = XCSwiftPackageProductDependency;
			package = D102A8962B613245009C3503 /* XCRemoteSwiftPackageReference "firebase-ios-sdk" */;
			productName = FirebaseAnalyticsSwift;
		};
		D102A89D2B613246009C3503 /* FirebaseAnalyticsWithoutAdIdSupport */ = {
			isa = XCSwiftPackageProductDependency;
			package = D102A8962B613245009C3503 /* XCRemoteSwiftPackageReference "firebase-ios-sdk" */;
			productName = FirebaseAnalyticsWithoutAdIdSupport;
		};
		D102A89F2B613246009C3503 /* FirebaseAppCheck */ = {
			isa = XCSwiftPackageProductDependency;
			package = D102A8962B613245009C3503 /* XCRemoteSwiftPackageReference "firebase-ios-sdk" */;
			productName = FirebaseAppCheck;
		};
		D102A8A12B613246009C3503 /* FirebaseAppDistribution-Beta */ = {
			isa = XCSwiftPackageProductDependency;
			package = D102A8962B613245009C3503 /* XCRemoteSwiftPackageReference "firebase-ios-sdk" */;
			productName = "FirebaseAppDistribution-Beta";
		};
		D102A8A32B613246009C3503 /* FirebaseAuth */ = {
			isa = XCSwiftPackageProductDependency;
			package = D102A8962B613245009C3503 /* XCRemoteSwiftPackageReference "firebase-ios-sdk" */;
			productName = FirebaseAuth;
		};
		D102A8A52B613246009C3503 /* FirebaseAuthCombine-Community */ = {
			isa = XCSwiftPackageProductDependency;
			package = D102A8962B613245009C3503 /* XCRemoteSwiftPackageReference "firebase-ios-sdk" */;
			productName = "FirebaseAuthCombine-Community";
		};
		D102A8A72B613246009C3503 /* FirebaseCrashlytics */ = {
			isa = XCSwiftPackageProductDependency;
			package = D102A8962B613245009C3503 /* XCRemoteSwiftPackageReference "firebase-ios-sdk" */;
			productName = FirebaseCrashlytics;
		};
		D102A8A92B613246009C3503 /* FirebaseDatabase */ = {
			isa = XCSwiftPackageProductDependency;
			package = D102A8962B613245009C3503 /* XCRemoteSwiftPackageReference "firebase-ios-sdk" */;
			productName = FirebaseDatabase;
		};
		D102A8AB2B613246009C3503 /* FirebaseDatabaseSwift */ = {
			isa = XCSwiftPackageProductDependency;
			package = D102A8962B613245009C3503 /* XCRemoteSwiftPackageReference "firebase-ios-sdk" */;
			productName = FirebaseDatabaseSwift;
		};
		D102A8AD2B613246009C3503 /* FirebaseDynamicLinks */ = {
			isa = XCSwiftPackageProductDependency;
			package = D102A8962B613245009C3503 /* XCRemoteSwiftPackageReference "firebase-ios-sdk" */;
			productName = FirebaseDynamicLinks;
		};
		D102A8AF2B613246009C3503 /* FirebaseFirestore */ = {
			isa = XCSwiftPackageProductDependency;
			package = D102A8962B613245009C3503 /* XCRemoteSwiftPackageReference "firebase-ios-sdk" */;
			productName = FirebaseFirestore;
		};
		D102A8B12B613246009C3503 /* FirebaseFirestoreCombine-Community */ = {
			isa = XCSwiftPackageProductDependency;
			package = D102A8962B613245009C3503 /* XCRemoteSwiftPackageReference "firebase-ios-sdk" */;
			productName = "FirebaseFirestoreCombine-Community";
		};
		D102A8B32B613246009C3503 /* FirebaseFirestoreSwift */ = {
			isa = XCSwiftPackageProductDependency;
			package = D102A8962B613245009C3503 /* XCRemoteSwiftPackageReference "firebase-ios-sdk" */;
			productName = FirebaseFirestoreSwift;
		};
		D102A8B52B613246009C3503 /* FirebaseFunctions */ = {
			isa = XCSwiftPackageProductDependency;
			package = D102A8962B613245009C3503 /* XCRemoteSwiftPackageReference "firebase-ios-sdk" */;
			productName = FirebaseFunctions;
		};
		D102A8B72B613246009C3503 /* FirebaseFunctionsCombine-Community */ = {
			isa = XCSwiftPackageProductDependency;
			package = D102A8962B613245009C3503 /* XCRemoteSwiftPackageReference "firebase-ios-sdk" */;
			productName = "FirebaseFunctionsCombine-Community";
		};
		D102A8B92B613246009C3503 /* FirebaseInAppMessaging-Beta */ = {
			isa = XCSwiftPackageProductDependency;
			package = D102A8962B613245009C3503 /* XCRemoteSwiftPackageReference "firebase-ios-sdk" */;
			productName = "FirebaseInAppMessaging-Beta";
		};
		D102A8BB2B613246009C3503 /* FirebaseInAppMessagingSwift-Beta */ = {
			isa = XCSwiftPackageProductDependency;
			package = D102A8962B613245009C3503 /* XCRemoteSwiftPackageReference "firebase-ios-sdk" */;
			productName = "FirebaseInAppMessagingSwift-Beta";
		};
		D102A8BD2B613246009C3503 /* FirebaseInstallations */ = {
			isa = XCSwiftPackageProductDependency;
			package = D102A8962B613245009C3503 /* XCRemoteSwiftPackageReference "firebase-ios-sdk" */;
			productName = FirebaseInstallations;
		};
		D102A8BF2B613246009C3503 /* FirebaseMLModelDownloader */ = {
			isa = XCSwiftPackageProductDependency;
			package = D102A8962B613245009C3503 /* XCRemoteSwiftPackageReference "firebase-ios-sdk" */;
			productName = FirebaseMLModelDownloader;
		};
		D102A8C12B613246009C3503 /* FirebaseMessaging */ = {
			isa = XCSwiftPackageProductDependency;
			package = D102A8962B613245009C3503 /* XCRemoteSwiftPackageReference "firebase-ios-sdk" */;
			productName = FirebaseMessaging;
		};
		D102A8C32B613246009C3503 /* FirebasePerformance */ = {
			isa = XCSwiftPackageProductDependency;
			package = D102A8962B613245009C3503 /* XCRemoteSwiftPackageReference "firebase-ios-sdk" */;
			productName = FirebasePerformance;
		};
		D102A8C52B613246009C3503 /* FirebaseRemoteConfig */ = {
			isa = XCSwiftPackageProductDependency;
			package = D102A8962B613245009C3503 /* XCRemoteSwiftPackageReference "firebase-ios-sdk" */;
			productName = FirebaseRemoteConfig;
		};
		D102A8C72B613246009C3503 /* FirebaseRemoteConfigSwift */ = {
			isa = XCSwiftPackageProductDependency;
			package = D102A8962B613245009C3503 /* XCRemoteSwiftPackageReference "firebase-ios-sdk" */;
			productName = FirebaseRemoteConfigSwift;
		};
		D102A8C92B613246009C3503 /* FirebaseStorage */ = {
			isa = XCSwiftPackageProductDependency;
			package = D102A8962B613245009C3503 /* XCRemoteSwiftPackageReference "firebase-ios-sdk" */;
			productName = FirebaseStorage;
		};
		D102A8CB2B613246009C3503 /* FirebaseStorageCombine-Community */ = {
			isa = XCSwiftPackageProductDependency;
			package = D102A8962B613245009C3503 /* XCRemoteSwiftPackageReference "firebase-ios-sdk" */;
			productName = "FirebaseStorageCombine-Community";
		};
/* End XCSwiftPackageProductDependency section */
	};
	rootObject = D102A87D2B6117A8009C3503 /* Project object */;
}
